// !$*UTF8*$!
{
	archiveVersion = 1;
	classes = {
	};
	objectVersion = 50;
	objects = {

/* Begin PBXBuildFile section */
		3806B19F211FB25100B35864 /* Meme.swift in Sources */ = {isa = PBXBuildFile; fileRef = 3806B19E211FB25100B35864 /* Meme.swift */; };
		385A16F32116A2680086135E /* AppDelegate.swift in Sources */ = {isa = PBXBuildFile; fileRef = 385A16F22116A2680086135E /* AppDelegate.swift */; };
		385A16F52116A2680086135E /* EditorViewController.swift in Sources */ = {isa = PBXBuildFile; fileRef = 385A16F42116A2680086135E /* EditorViewController.swift */; };
		385A16F82116A2680086135E /* Main.storyboard in Resources */ = {isa = PBXBuildFile; fileRef = 385A16F62116A2680086135E /* Main.storyboard */; };
		385A16FB2116A2680086135E /* MemeMe.xcdatamodeld in Sources */ = {isa = PBXBuildFile; fileRef = 385A16F92116A2680086135E /* MemeMe.xcdatamodeld */; };
		385A16FD2116A2690086135E /* Assets.xcassets in Resources */ = {isa = PBXBuildFile; fileRef = 385A16FC2116A2690086135E /* Assets.xcassets */; };
		385A17002116A2690086135E /* LaunchScreen.storyboard in Resources */ = {isa = PBXBuildFile; fileRef = 385A16FE2116A2690086135E /* LaunchScreen.storyboard */; };
		38A2713721273E390035099D /* SentMemesTableViewController.swift in Sources */ = {isa = PBXBuildFile; fileRef = 38A2713621273E390035099D /* SentMemesTableViewController.swift */; };
		38A2713921273E5F0035099D /* SentMemesCollectionViewController.swift in Sources */ = {isa = PBXBuildFile; fileRef = 38A2713821273E5F0035099D /* SentMemesCollectionViewController.swift */; };
		38A2713B21273F290035099D /* ViewController.swift in Sources */ = {isa = PBXBuildFile; fileRef = 38A2713A21273F290035099D /* ViewController.swift */; };
		38A2713D2127525A0035099D /* TableViewCell.swift in Sources */ = {isa = PBXBuildFile; fileRef = 38A2713C2127525A0035099D /* TableViewCell.swift */; };
		38A27141212756CE0035099D /* CollectionViewCell.swift in Sources */ = {isa = PBXBuildFile; fileRef = 38A27140212756CE0035099D /* CollectionViewCell.swift */; };
		38BAE15A211E0DEA00E0519C /* impact.ttf in Resources */ = {isa = PBXBuildFile; fileRef = 38BAE159211E0C9800E0519C /* impact.ttf */; };
/* End PBXBuildFile section */

/* Begin PBXFileReference section */
		3806B19E211FB25100B35864 /* Meme.swift */ = {isa = PBXFileReference; lastKnownFileType = sourcecode.swift; path = Meme.swift; sourceTree = "<group>"; };
		385A16EF2116A2680086135E /* MemeMe.app */ = {isa = PBXFileReference; explicitFileType = wrapper.application; includeInIndex = 0; path = MemeMe.app; sourceTree = BUILT_PRODUCTS_DIR; };
		385A16F22116A2680086135E /* AppDelegate.swift */ = {isa = PBXFileReference; lastKnownFileType = sourcecode.swift; path = AppDelegate.swift; sourceTree = "<group>"; };
		385A16F42116A2680086135E /* EditorViewController.swift */ = {isa = PBXFileReference; lastKnownFileType = sourcecode.swift; path = EditorViewController.swift; sourceTree = "<group>"; };
		385A16F72116A2680086135E /* Base */ = {isa = PBXFileReference; lastKnownFileType = file.storyboard; name = Base; path = Base.lproj/Main.storyboard; sourceTree = "<group>"; };
		385A16FA2116A2680086135E /* MemeMe.xcdatamodel */ = {isa = PBXFileReference; lastKnownFileType = wrapper.xcdatamodel; path = MemeMe.xcdatamodel; sourceTree = "<group>"; };
		385A16FC2116A2690086135E /* Assets.xcassets */ = {isa = PBXFileReference; lastKnownFileType = folder.assetcatalog; path = Assets.xcassets; sourceTree = "<group>"; };
		385A16FF2116A2690086135E /* Base */ = {isa = PBXFileReference; lastKnownFileType = file.storyboard; name = Base; path = Base.lproj/LaunchScreen.storyboard; sourceTree = "<group>"; };
		385A17012116A2690086135E /* Info.plist */ = {isa = PBXFileReference; lastKnownFileType = text.plist.xml; path = Info.plist; sourceTree = "<group>"; };
		38A2713621273E390035099D /* SentMemesTableViewController.swift */ = {isa = PBXFileReference; lastKnownFileType = sourcecode.swift; path = SentMemesTableViewController.swift; sourceTree = "<group>"; };
		38A2713821273E5F0035099D /* SentMemesCollectionViewController.swift */ = {isa = PBXFileReference; lastKnownFileType = sourcecode.swift; path = SentMemesCollectionViewController.swift; sourceTree = "<group>"; };
		38A2713A21273F290035099D /* ViewController.swift */ = {isa = PBXFileReference; lastKnownFileType = sourcecode.swift; path = ViewController.swift; sourceTree = "<group>"; };
		38A2713C2127525A0035099D /* TableViewCell.swift */ = {isa = PBXFileReference; lastKnownFileType = sourcecode.swift; path = TableViewCell.swift; sourceTree = "<group>"; };
		38A27140212756CE0035099D /* CollectionViewCell.swift */ = {isa = PBXFileReference; lastKnownFileType = sourcecode.swift; path = CollectionViewCell.swift; sourceTree = "<group>"; };
		38BAE159211E0C9800E0519C /* impact.ttf */ = {isa = PBXFileReference; lastKnownFileType = file; path = impact.ttf; sourceTree = "<group>"; };
/* End PBXFileReference section */

/* Begin PBXFrameworksBuildPhase section */
		385A16EC2116A2680086135E /* Frameworks */ = {
			isa = PBXFrameworksBuildPhase;
			buildActionMask = 2147483647;
			files = (
			);
			runOnlyForDeploymentPostprocessing = 0;
		};
/* End PBXFrameworksBuildPhase section */

/* Begin PBXGroup section */
		385A16E62116A2680086135E = {
			isa = PBXGroup;
			children = (
				385A16F12116A2680086135E /* MemeMe */,
				385A16F02116A2680086135E /* Products */,
			);
			sourceTree = "<group>";
		};
		385A16F02116A2680086135E /* Products */ = {
			isa = PBXGroup;
			children = (
				385A16EF2116A2680086135E /* MemeMe.app */,
			);
			name = Products;
			sourceTree = "<group>";
		};
		385A16F12116A2680086135E /* MemeMe */ = {
			isa = PBXGroup;
			children = (
				38BAE158211E0C8C00E0519C /* Font */,
				385A16F22116A2680086135E /* AppDelegate.swift */,
				385A16F42116A2680086135E /* EditorViewController.swift */,
				3806B19E211FB25100B35864 /* Meme.swift */,
				38A2713621273E390035099D /* SentMemesTableViewController.swift */,
				38A2713821273E5F0035099D /* SentMemesCollectionViewController.swift */,
				38A2713A21273F290035099D /* ViewController.swift */,
				38A2713C2127525A0035099D /* TableViewCell.swift */,
				38A27140212756CE0035099D /* CollectionViewCell.swift */,
				385A16F62116A2680086135E /* Main.storyboard */,
				385A16FC2116A2690086135E /* Assets.xcassets */,
				385A16FE2116A2690086135E /* LaunchScreen.storyboard */,
				385A17012116A2690086135E /* Info.plist */,
				385A16F92116A2680086135E /* MemeMe.xcdatamodeld */,
			);
			path = MemeMe;
			sourceTree = "<group>";
		};
		38BAE158211E0C8C00E0519C /* Font */ = {
			isa = PBXGroup;
			children = (
				38BAE159211E0C9800E0519C /* impact.ttf */,
			);
			name = Font;
			sourceTree = "<group>";
		};
/* End PBXGroup section */

/* Begin PBXNativeTarget section */
		385A16EE2116A2680086135E /* MemeMe */ = {
			isa = PBXNativeTarget;
			buildConfigurationList = 385A17042116A2690086135E /* Build configuration list for PBXNativeTarget "MemeMe" */;
			buildPhases = (
				385A16EB2116A2680086135E /* Sources */,
				385A16EC2116A2680086135E /* Frameworks */,
				385A16ED2116A2680086135E /* Resources */,
			);
			buildRules = (
			);
			dependencies = (
			);
			name = MemeMe;
			productName = MemeMe;
			productReference = 385A16EF2116A2680086135E /* MemeMe.app */;
			productType = "com.apple.product-type.application";
		};
/* End PBXNativeTarget section */

/* Begin PBXProject section */
		385A16E72116A2680086135E /* Project object */ = {
			isa = PBXProject;
			attributes = {
				LastSwiftUpdateCheck = 0940;
				LastUpgradeCheck = 0940;
				ORGANIZATIONNAME = Artesmix;
				TargetAttributes = {
					385A16EE2116A2680086135E = {
						CreatedOnToolsVersion = 9.4.1;
					};
				};
			};
			buildConfigurationList = 385A16EA2116A2680086135E /* Build configuration list for PBXProject "MemeMe" */;
			compatibilityVersion = "Xcode 9.3";
			developmentRegion = en;
			hasScannedForEncodings = 0;
			knownRegions = (
				en,
				Base,
			);
			mainGroup = 385A16E62116A2680086135E;
			productRefGroup = 385A16F02116A2680086135E /* Products */;
			projectDirPath = "";
			projectRoot = "";
			targets = (
				385A16EE2116A2680086135E /* MemeMe */,
			);
		};
/* End PBXProject section */

/* Begin PBXResourcesBuildPhase section */
		385A16ED2116A2680086135E /* Resources */ = {
			isa = PBXResourcesBuildPhase;
			buildActionMask = 2147483647;
			files = (
				385A17002116A2690086135E /* LaunchScreen.storyboard in Resources */,
				385A16FD2116A2690086135E /* Assets.xcassets in Resources */,
				385A16F82116A2680086135E /* Main.storyboard in Resources */,
				38BAE15A211E0DEA00E0519C /* impact.ttf in Resources */,
			);
			runOnlyForDeploymentPostprocessing = 0;
		};
/* End PBXResourcesBuildPhase section */

/* Begin PBXSourcesBuildPhase section */
		385A16EB2116A2680086135E /* Sources */ = {
			isa = PBXSourcesBuildPhase;
			buildActionMask = 2147483647;
			files = (
				3806B19F211FB25100B35864 /* Meme.swift in Sources */,
				38A2713D2127525A0035099D /* TableViewCell.swift in Sources */,
				38A27141212756CE0035099D /* CollectionViewCell.swift in Sources */,
				385A16FB2116A2680086135E /* MemeMe.xcdatamodeld in Sources */,
				38A2713921273E5F0035099D /* SentMemesCollectionViewController.swift in Sources */,
				385A16F52116A2680086135E /* EditorViewController.swift in Sources */,
				38A2713B21273F290035099D /* ViewController.swift in Sources */,
				38A2713721273E390035099D /* SentMemesTableViewController.swift in Sources */,
				385A16F32116A2680086135E /* AppDelegate.swift in Sources */,
			);
			runOnlyForDeploymentPostprocessing = 0;
		};
/* End PBXSourcesBuildPhase section */

/* Begin PBXVariantGroup section */
		385A16F62116A2680086135E /* Main.storyboard */ = {
			isa = PBXVariantGroup;
			children = (
				385A16F72116A2680086135E /* Base */,
			);
			name = Main.storyboard;
			sourceTree = "<group>";
		};
		385A16FE2116A2690086135E /* LaunchScreen.storyboard */ = {
			isa = PBXVariantGroup;
			children = (
				385A16FF2116A2690086135E /* Base */,
			);
			name = LaunchScreen.storyboard;
			sourceTree = "<group>";
		};
/* End PBXVariantGroup section */

/* Begin XCBuildConfiguration section */
		385A17022116A2690086135E /* Debug */ = {
			isa = XCBuildConfiguration;
			buildSettings = {
				ALWAYS_SEARCH_USER_PATHS = NO;
				CLANG_ANALYZER_NONNULL = YES;
				CLANG_ANALYZER_NUMBER_OBJECT_CONVERSION = YES_AGGRESSIVE;
				CLANG_CXX_LANGUAGE_STANDARD = "gnu++14";
				CLANG_CXX_LIBRARY = "libc++";
				CLANG_ENABLE_MODULES = YES;
				CLANG_ENABLE_OBJC_ARC = YES;
				CLANG_ENABLE_OBJC_WEAK = YES;
				CLANG_WARN_BLOCK_CAPTURE_AUTORELEASING = YES;
				CLANG_WARN_BOOL_CONVERSION = YES;
				CLANG_WARN_COMMA = YES;
				CLANG_WARN_CONSTANT_CONVERSION = YES;
				CLANG_WARN_DEPRECATED_OBJC_IMPLEMENTATIONS = YES;
				CLANG_WARN_DIRECT_OBJC_ISA_USAGE = YES_ERROR;
				CLANG_WARN_DOCUMENTATION_COMMENTS = YES;
				CLANG_WARN_EMPTY_BODY = YES;
				CLANG_WARN_ENUM_CONVERSION = YES;
				CLANG_WARN_INFINITE_RECURSION = YES;
				CLANG_WARN_INT_CONVERSION = YES;
				CLANG_WARN_NON_LITERAL_NULL_CONVERSION = YES;
				CLANG_WARN_OBJC_IMPLICIT_RETAIN_SELF = YES;
				CLANG_WARN_OBJC_LITERAL_CONVERSION = YES;
				CLANG_WARN_OBJC_ROOT_CLASS = YES_ERROR;
				CLANG_WARN_RANGE_LOOP_ANALYSIS = YES;
				CLANG_WARN_STRICT_PROTOTYPES = YES;
				CLANG_WARN_SUSPICIOUS_MOVE = YES;
				CLANG_WARN_UNGUARDED_AVAILABILITY = YES_AGGRESSIVE;
				CLANG_WARN_UNREACHABLE_CODE = YES;
				CLANG_WARN__DUPLICATE_METHOD_MATCH = YES;
				CODE_SIGN_IDENTITY = "iPhone Developer";
				COPY_PHASE_STRIP = NO;
				DEBUG_INFORMATION_FORMAT = dwarf;
				ENABLE_STRICT_OBJC_MSGSEND = YES;
				ENABLE_TESTABILITY = YES;
				GCC_C_LANGUAGE_STANDARD = gnu11;
				GCC_DYNAMIC_NO_PIC = NO;
				GCC_NO_COMMON_BLOCKS = YES;
				GCC_OPTIMIZATION_LEVEL = 0;
				GCC_PREPROCESSOR_DEFINITIONS = (
					"DEBUG=1",
					"$(inherited)",
				);
				GCC_WARN_64_TO_32_BIT_CONVERSION = YES;
				GCC_WARN_ABOUT_RETURN_TYPE = YES_ERROR;
				GCC_WARN_UNDECLARED_SELECTOR = YES;
				GCC_WARN_UNINITIALIZED_AUTOS = YES_AGGRESSIVE;
				GCC_WARN_UNUSED_FUNCTION = YES;
				GCC_WARN_UNUSED_VARIABLE = YES;
				IPHONEOS_DEPLOYMENT_TARGET = 11.4;
				MTL_ENABLE_DEBUG_INFO = YES;
				ONLY_ACTIVE_ARCH = YES;
				SDKROOT = iphoneos;
				SWIFT_ACTIVE_COMPILATION_CONDITIONS = DEBUG;
				SWIFT_OPTIMIZATION_LEVEL = "-Onone";
			};
			name = Debug;
		};
		385A17032116A2690086135E /* Release */ = {
			isa = XCBuildConfiguration;
			buildSettings = {
				ALWAYS_SEARCH_USER_PATHS = NO;
				CLANG_ANALYZER_NONNULL = YES;
				CLANG_ANALYZER_NUMBER_OBJECT_CONVERSION = YES_AGGRESSIVE;
				CLANG_CXX_LANGUAGE_STANDARD = "gnu++14";
				CLANG_CXX_LIBRARY = "libc++";
				CLANG_ENABLE_MODULES = YES;
				CLANG_ENABLE_OBJC_ARC = YES;
				CLANG_ENABLE_OBJC_WEAK = YES;
				CLANG_WARN_BLOCK_CAPTURE_AUTORELEASING = YES;
				CLANG_WARN_BOOL_CONVERSION = YES;
				CLANG_WARN_COMMA = YES;
				CLANG_WARN_CONSTANT_CONVERSION = YES;
				CLANG_WARN_DEPRECATED_OBJC_IMPLEMENTATIONS = YES;
				CLANG_WARN_DIRECT_OBJC_ISA_USAGE = YES_ERROR;
				CLANG_WARN_DOCUMENTATION_COMMENTS = YES;
				CLANG_WARN_EMPTY_BODY = YES;
				CLANG_WARN_ENUM_CONVERSION = YES;
				CLANG_WARN_INFINITE_RECURSION = YES;
				CLANG_WARN_INT_CONVERSION = YES;
				CLANG_WARN_NON_LITERAL_NULL_CONVERSION = YES;
				CLANG_WARN_OBJC_IMPLICIT_RETAIN_SELF = YES;
				CLANG_WARN_OBJC_LITERAL_CONVERSION = YES;
				CLANG_WARN_OBJC_ROOT_CLASS = YES_ERROR;
				CLANG_WARN_RANGE_LOOP_ANALYSIS = YES;
				CLANG_WARN_STRICT_PROTOTYPES = YES;
				CLANG_WARN_SUSPICIOUS_MOVE = YES;
				CLANG_WARN_UNGUARDED_AVAILABILITY = YES_AGGRESSIVE;
				CLANG_WARN_UNREACHABLE_CODE = YES;
				CLANG_WARN__DUPLICATE_METHOD_MATCH = YES;
				CODE_SIGN_IDENTITY = "iPhone Developer";
				COPY_PHASE_STRIP = NO;
				DEBUG_INFORMATION_FORMAT = "dwarf-with-dsym";
				ENABLE_NS_ASSERTIONS = NO;
				ENABLE_STRICT_OBJC_MSGSEND = YES;
				GCC_C_LANGUAGE_STANDARD = gnu11;
				GCC_NO_COMMON_BLOCKS = YES;
				GCC_WARN_64_TO_32_BIT_CONVERSION = YES;
				GCC_WARN_ABOUT_RETURN_TYPE = YES_ERROR;
				GCC_WARN_UNDECLARED_SELECTOR = YES;
				GCC_WARN_UNINITIALIZED_AUTOS = YES_AGGRESSIVE;
				GCC_WARN_UNUSED_FUNCTION = YES;
				GCC_WARN_UNUSED_VARIABLE = YES;
				IPHONEOS_DEPLOYMENT_TARGET = 11.4;
				MTL_ENABLE_DEBUG_INFO = NO;
				SDKROOT = iphoneos;
				SWIFT_COMPILATION_MODE = wholemodule;
				SWIFT_OPTIMIZATION_LEVEL = "-O";
				VALIDATE_PRODUCT = YES;
			};
			name = Release;
		};
		385A17052116A2690086135E /* Debug */ = {
			isa = XCBuildConfiguration;
			buildSettings = {
				ASSETCATALOG_COMPILER_APPICON_NAME = AppIcon;
				CODE_SIGN_STYLE = Automatic;
				DEVELOPMENT_TEAM = 7V26R3Q2R5;
				INFOPLIST_FILE = MemeMe/Info.plist;
				LD_RUNPATH_SEARCH_PATHS = (
					"$(inherited)",
					"@executable_path/Frameworks",
				);
				PRODUCT_BUNDLE_IDENTIFIER = com.udacity.MemeMe;
				PRODUCT_NAME = "$(TARGET_NAME)";
				SWIFT_VERSION = 4.0;
				TARGETED_DEVICE_FAMILY = "1,2";
			};
			name = Debug;
		};
		385A17062116A2690086135E /* Release */ = {
			isa = XCBuildConfiguration;
			buildSettings = {
				ASSETCATALOG_COMPILER_APPICON_NAME = AppIcon;
				CODE_SIGN_STYLE = Automatic;
				DEVELOPMENT_TEAM = 7V26R3Q2R5;
				INFOPLIST_FILE = MemeMe/Info.plist;
				LD_RUNPATH_SEARCH_PATHS = (
					"$(inherited)",
					"@executable_path/Frameworks",
				);
				PRODUCT_BUNDLE_IDENTIFIER = com.udacity.MemeMe;
				PRODUCT_NAME = "$(TARGET_NAME)";
				SWIFT_VERSION = 4.0;
				TARGETED_DEVICE_FAMILY = "1,2";
			};
			name = Release;
		};
/* End XCBuildConfiguration section */

/* Begin XCConfigurationList section */
		385A16EA2116A2680086135E /* Build configuration list for PBXProject "MemeMe" */ = {
			isa = XCConfigurationList;
			buildConfigurations = (
				385A17022116A2690086135E /* Debug */,
				385A17032116A2690086135E /* Release */,
			);
			defaultConfigurationIsVisible = 0;
			defaultConfigurationName = Release;
		};
		385A17042116A2690086135E /* Build configuration list for PBXNativeTarget "MemeMe" */ = {
			isa = XCConfigurationList;
			buildConfigurations = (
				385A17052116A2690086135E /* Debug */,
				385A17062116A2690086135E /* Release */,
			);
			defaultConfigurationIsVisible = 0;
			defaultConfigurationName = Release;
		};
/* End XCConfigurationList section */

/* Begin XCVersionGroup section */
		385A16F92116A2680086135E /* MemeMe.xcdatamodeld */ = {
			isa = XCVersionGroup;
			children = (
				385A16FA2116A2680086135E /* MemeMe.xcdatamodel */,
			);
			currentVersion = 385A16FA2116A2680086135E /* MemeMe.xcdatamodel */;
			path = MemeMe.xcdatamodeld;
			sourceTree = "<group>";
			versionGroupType = wrapper.xcdatamodel;
		};
/* End XCVersionGroup section */
	};
	rootObject = 385A16E72116A2680086135E /* Project object */;
}
